
Microsoft Visual Studio Solution File, Format Version 12.00
# Visual Studio Version 16
VisualStudioVersion = 16.0.29806.167
MinimumVisualStudioVersion = 10.0.40219.1
Project("{9A19103F-16F7-4668-BE54-9A1E7A4F7556}") = "StarPizzaShop", "StarPizzaShop\StarPizzaShop.csproj", "{7580AC24-0FE2-40DC-B915-5EBCD0D11199}"
EndProject
Project("{9A19103F-16F7-4668-BE54-9A1E7A4F7556}") = "StarPizzaAcceptance.Tests", "StarPizzaAcceptance.Tests\StarPizzaAcceptance.Tests.csproj", "{64F34B3B-F898-4EE6-8B90-AC891DC08223}"
EndProject
Global
	GlobalSection(SolutionConfigurationPlatforms) = preSolution
		Debug|Any CPU = Debug|Any CPU
		Release|Any CPU = Release|Any CPU
	EndGlobalSection
	GlobalSection(ProjectConfigurationPlatforms) = postSolution
		{7580AC24-0FE2-40DC-B915-5EBCD0D11199}.Debug|Any CPU.ActiveCfg = Debug|Any CPU
		{7580AC24-0FE2-40DC-B915-5EBCD0D11199}.Debug|Any CPU.Build.0 = Debug|Any CPU
		{7580AC24-0FE2-40DC-B915-5EBCD0D11199}.Release|Any CPU.ActiveCfg = Release|Any CPU
		{7580AC24-0FE2-40DC-B915-5EBCD0D11199}.Release|Any CPU.Build.0 = Release|Any CPU
		{64F34B3B-F898-4EE6-8B90-AC891DC08223}.Debug|Any CPU.ActiveCfg = Debug|Any CPU
		{64F34B3B-F898-4EE6-8B90-AC891DC08223}.Debug|Any CPU.Build.0 = Debug|Any CPU
		{64F34B3B-F898-4EE6-8B90-AC891DC08223}.Release|Any CPU.ActiveCfg = Release|Any CPU
		{64F34B3B-F898-4EE6-8B90-AC891DC08223}.Release|Any CPU.Build.0 = Release|Any CPU
	EndGlobalSection
	GlobalSection(SolutionProperties) = preSolution
		HideSolutionNode = FALSE
	EndGlobalSection
	GlobalSection(ExtensibilityGlobals) = postSolution
		SolutionGuid = {2DFDB236-F2B7-4541-9A35-BBE35A322167}
	EndGlobalSection
EndGlobal
